
Microsoft Visual Studio Solution File, Format Version 12.00
# Visual Studio Version 16
VisualStudioVersion = 16.0.28729.10
MinimumVisualStudioVersion = 10.0.40219.1
Project("{9A19103F-16F7-4668-BE54-9A1E7A4F7556}") = "Genba Digital UI", "Genba Digital\Genba Digital UI.csproj", "{4ECFCE98-F380-4183-B59E-146D95FEA128}"
EndProject
Project("{FAE04EC0-301F-11D3-BF4B-00C04F79EFBC}") = "Genba Digital API", "Genba Digital API\Genba Digital API.csproj", "{FB5953B8-86C8-4C54-B776-9AEE6B22DDA1}"
EndProject
Global
	GlobalSection(SolutionConfigurationPlatforms) = preSolution
		Debug|Any CPU = Debug|Any CPU
		Release|Any CPU = Release|Any CPU
	EndGlobalSection
	GlobalSection(ProjectConfigurationPlatforms) = postSolution
		{4ECFCE98-F380-4183-B59E-146D95FEA128}.Debug|Any CPU.ActiveCfg = Debug|Any CPU
		{4ECFCE98-F380-4183-B59E-146D95FEA128}.Debug|Any CPU.Build.0 = Debug|Any CPU
		{4ECFCE98-F380-4183-B59E-146D95FEA128}.Release|Any CPU.ActiveCfg = Release|Any CPU
		{4ECFCE98-F380-4183-B59E-146D95FEA128}.Release|Any CPU.Build.0 = Release|Any CPU
		{FB5953B8-86C8-4C54-B776-9AEE6B22DDA1}.Debug|Any CPU.ActiveCfg = Debug|Any CPU
		{FB5953B8-86C8-4C54-B776-9AEE6B22DDA1}.Debug|Any CPU.Build.0 = Debug|Any CPU
		{FB5953B8-86C8-4C54-B776-9AEE6B22DDA1}.Release|Any CPU.ActiveCfg = Release|Any CPU
		{FB5953B8-86C8-4C54-B776-9AEE6B22DDA1}.Release|Any CPU.Build.0 = Release|Any CPU
	EndGlobalSection
	GlobalSection(SolutionProperties) = preSolution
		HideSolutionNode = FALSE
	EndGlobalSection
	GlobalSection(ExtensibilityGlobals) = postSolution
		SolutionGuid = {853BD60D-5087-48FB-9595-6E7289002391}
	EndGlobalSection
EndGlobal
